
Microsoft Visual Studio Solution File, Format Version 12.00
# Visual Studio Version 17
VisualStudioVersion = 17.8.34330.188
MinimumVisualStudioVersion = 10.0.40219.1
Project("{FAE04EC0-301F-11D3-BF4B-00C04F79EFBC}") = "AspNetEmptyHttps", "AspNetEmptyHttps\AspNetEmptyHttps.csproj", "{AB7F6033-7E88-4209-98ED-ADC2B2DBCD07}"
EndProject
Global
	GlobalSection(SolutionConfigurationPlatforms) = preSolution
		Debug|Any CPU = Debug|Any CPU
		Release|Any CPU = Release|Any CPU
	EndGlobalSection
	GlobalSection(ProjectConfigurationPlatforms) = postSolution
		{AB7F6033-7E88-4209-98ED-ADC2B2DBCD07}.Debug|Any CPU.ActiveCfg = Debug|Any CPU
		{AB7F6033-7E88-4209-98ED-ADC2B2DBCD07}.Debug|Any CPU.Build.0 = Debug|Any CPU
		{AB7F6033-7E88-4209-98ED-ADC2B2DBCD07}.Release|Any CPU.ActiveCfg = Release|Any CPU
		{AB7F6033-7E88-4209-98ED-ADC2B2DBCD07}.Release|Any CPU.Build.0 = Release|Any CPU
	EndGlobalSection
	GlobalSection(SolutionProperties) = preSolution
		HideSolutionNode = FALSE
	EndGlobalSection
	GlobalSection(ExtensibilityGlobals) = postSolution
		SolutionGuid = {B33EC4E2-841F-45A2-8019-59970B833FE9}
	EndGlobalSection
EndGlobal
