
Microsoft Visual Studio Solution File, Format Version 12.00
# Visual Studio Version 17
VisualStudioVersion = 17.8.34330.188
MinimumVisualStudioVersion = 10.0.40219.1
Project("{FAE04EC0-301F-11D3-BF4B-00C04F79EFBC}") = "AspNetWebApi", "AspNetWebApi\AspNetWebApi.csproj", "{868DE278-C3D5-4A8E-A2E7-D630BF90BDAE}"
EndProject
Global
	GlobalSection(SolutionConfigurationPlatforms) = preSolution
		Debug|Any CPU = Debug|Any CPU
		Release|Any CPU = Release|Any CPU
	EndGlobalSection
	GlobalSection(ProjectConfigurationPlatforms) = postSolution
		{868DE278-C3D5-4A8E-A2E7-D630BF90BDAE}.Debug|Any CPU.ActiveCfg = Debug|Any CPU
		{868DE278-C3D5-4A8E-A2E7-D630BF90BDAE}.Debug|Any CPU.Build.0 = Debug|Any CPU
		{868DE278-C3D5-4A8E-A2E7-D630BF90BDAE}.Release|Any CPU.ActiveCfg = Release|Any CPU
		{868DE278-C3D5-4A8E-A2E7-D630BF90BDAE}.Release|Any CPU.Build.0 = Release|Any CPU
	EndGlobalSection
	GlobalSection(SolutionProperties) = preSolution
		HideSolutionNode = FALSE
	EndGlobalSection
	GlobalSection(ExtensibilityGlobals) = postSolution
		SolutionGuid = {F0C23E46-8793-4128-BC65-C680E91EBE31}
	EndGlobalSection
EndGlobal
