
Microsoft Visual Studio Solution File, Format Version 12.00
# Visual Studio Version 17
VisualStudioVersion = 17.8.34330.188
MinimumVisualStudioVersion = 10.0.40219.1
Project("{FAE04EC0-301F-11D3-BF4B-00C04F79EFBC}") = "AspNetEmpty", "AspNetEmpty\AspNetEmpty.csproj", "{CC6979B0-8DB8-49AB-A72D-88A99CFB3416}"
EndProject
Global
	GlobalSection(SolutionConfigurationPlatforms) = preSolution
		Debug|Any CPU = Debug|Any CPU
		Release|Any CPU = Release|Any CPU
	EndGlobalSection
	GlobalSection(ProjectConfigurationPlatforms) = postSolution
		{CC6979B0-8DB8-49AB-A72D-88A99CFB3416}.Debug|Any CPU.ActiveCfg = Debug|Any CPU
		{CC6979B0-8DB8-49AB-A72D-88A99CFB3416}.Debug|Any CPU.Build.0 = Debug|Any CPU
		{CC6979B0-8DB8-49AB-A72D-88A99CFB3416}.Release|Any CPU.ActiveCfg = Release|Any CPU
		{CC6979B0-8DB8-49AB-A72D-88A99CFB3416}.Release|Any CPU.Build.0 = Release|Any CPU
	EndGlobalSection
	GlobalSection(SolutionProperties) = preSolution
		HideSolutionNode = FALSE
	EndGlobalSection
	GlobalSection(ExtensibilityGlobals) = postSolution
		SolutionGuid = {5FC773B9-8162-4D27-A79E-243C3E7B19D8}
	EndGlobalSection
EndGlobal
