
Microsoft Visual Studio Solution File, Format Version 12.00
# Visual Studio Version 17
VisualStudioVersion = 17.8.34330.188
MinimumVisualStudioVersion = 10.0.40219.1
Project("{FAE04EC0-301F-11D3-BF4B-00C04F79EFBC}") = "AspNetMvc", "AspNetMvc\AspNetMvc.csproj", "{52624297-DC68-4280-A55E-D2E54494ABB5}"
EndProject
Global
	GlobalSection(SolutionConfigurationPlatforms) = preSolution
		Debug|Any CPU = Debug|Any CPU
		Release|Any CPU = Release|Any CPU
	EndGlobalSection
	GlobalSection(ProjectConfigurationPlatforms) = postSolution
		{52624297-DC68-4280-A55E-D2E54494ABB5}.Debug|Any CPU.ActiveCfg = Debug|Any CPU
		{52624297-DC68-4280-A55E-D2E54494ABB5}.Debug|Any CPU.Build.0 = Debug|Any CPU
		{52624297-DC68-4280-A55E-D2E54494ABB5}.Release|Any CPU.ActiveCfg = Release|Any CPU
		{52624297-DC68-4280-A55E-D2E54494ABB5}.Release|Any CPU.Build.0 = Release|Any CPU
	EndGlobalSection
	GlobalSection(SolutionProperties) = preSolution
		HideSolutionNode = FALSE
	EndGlobalSection
	GlobalSection(ExtensibilityGlobals) = postSolution
		SolutionGuid = {A4138BA8-6A70-4093-96E3-C2B55855BD80}
	EndGlobalSection
EndGlobal
