
Microsoft Visual Studio Solution File, Format Version 12.00
# Visual Studio Version 17
VisualStudioVersion = 17.8.34330.188
MinimumVisualStudioVersion = 10.0.40219.1
Project("{FAE04EC0-301F-11D3-BF4B-00C04F79EFBC}") = "AspNetMvcAndWebApi", "AspNetMvcAndWebApi\AspNetMvcAndWebApi.csproj", "{8E21400C-659D-4963-A368-E1AEA3FD1730}"
EndProject
Global
	GlobalSection(SolutionConfigurationPlatforms) = preSolution
		Debug|Any CPU = Debug|Any CPU
		Release|Any CPU = Release|Any CPU
	EndGlobalSection
	GlobalSection(ProjectConfigurationPlatforms) = postSolution
		{8E21400C-659D-4963-A368-E1AEA3FD1730}.Debug|Any CPU.ActiveCfg = Debug|Any CPU
		{8E21400C-659D-4963-A368-E1AEA3FD1730}.Debug|Any CPU.Build.0 = Debug|Any CPU
		{8E21400C-659D-4963-A368-E1AEA3FD1730}.Release|Any CPU.ActiveCfg = Release|Any CPU
		{8E21400C-659D-4963-A368-E1AEA3FD1730}.Release|Any CPU.Build.0 = Release|Any CPU
	EndGlobalSection
	GlobalSection(SolutionProperties) = preSolution
		HideSolutionNode = FALSE
	EndGlobalSection
	GlobalSection(ExtensibilityGlobals) = postSolution
		SolutionGuid = {FCF4920C-656F-497F-816A-05170699B326}
	EndGlobalSection
EndGlobal
