
Microsoft Visual Studio Solution File, Format Version 12.00
# Visual Studio Version 17
VisualStudioVersion = 17.8.34330.188
MinimumVisualStudioVersion = 10.0.40219.1
Project("{FAE04EC0-301F-11D3-BF4B-00C04F79EFBC}") = "AspNetWebApiHttps", "AspNetWebApiHttps\AspNetWebApiHttps.csproj", "{7175B564-1BA2-4325-9A94-C8A15D8B309B}"
EndProject
Global
	GlobalSection(SolutionConfigurationPlatforms) = preSolution
		Debug|Any CPU = Debug|Any CPU
		Release|Any CPU = Release|Any CPU
	EndGlobalSection
	GlobalSection(ProjectConfigurationPlatforms) = postSolution
		{7175B564-1BA2-4325-9A94-C8A15D8B309B}.Debug|Any CPU.ActiveCfg = Debug|Any CPU
		{7175B564-1BA2-4325-9A94-C8A15D8B309B}.Debug|Any CPU.Build.0 = Debug|Any CPU
		{7175B564-1BA2-4325-9A94-C8A15D8B309B}.Release|Any CPU.ActiveCfg = Release|Any CPU
		{7175B564-1BA2-4325-9A94-C8A15D8B309B}.Release|Any CPU.Build.0 = Release|Any CPU
	EndGlobalSection
	GlobalSection(SolutionProperties) = preSolution
		HideSolutionNode = FALSE
	EndGlobalSection
	GlobalSection(ExtensibilityGlobals) = postSolution
		SolutionGuid = {452A699C-06CE-446B-98F9-355E0CD3DBEB}
	EndGlobalSection
EndGlobal
